
Microsoft Visual Studio Solution File, Format Version 12.00
# Visual Studio Version 17
VisualStudioVersion = 17.6.33815.320
MinimumVisualStudioVersion = 10.0.40219.1
Project("{FAE04EC0-301F-11D3-BF4B-00C04F79EFBC}") = "CRUDAPI", "CRUDAPI.csproj", "{0E16D793-86D1-46B0-A1C1-BD67A348E758}"
EndProject
Global
	GlobalSection(SolutionConfigurationPlatforms) = preSolution
		Debug|Any CPU = Debug|Any CPU
		Release|Any CPU = Release|Any CPU
	EndGlobalSection
	GlobalSection(ProjectConfigurationPlatforms) = postSolution
		{0E16D793-86D1-46B0-A1C1-BD67A348E758}.Debug|Any CPU.ActiveCfg = Debug|Any CPU
		{0E16D793-86D1-46B0-A1C1-BD67A348E758}.Debug|Any CPU.Build.0 = Debug|Any CPU
		{0E16D793-86D1-46B0-A1C1-BD67A348E758}.Release|Any CPU.ActiveCfg = Release|Any CPU
		{0E16D793-86D1-46B0-A1C1-BD67A348E758}.Release|Any CPU.Build.0 = Release|Any CPU
	EndGlobalSection
	GlobalSection(SolutionProperties) = preSolution
		HideSolutionNode = FALSE
	EndGlobalSection
	GlobalSection(ExtensibilityGlobals) = postSolution
		SolutionGuid = {11FE08CE-6611-4CD7-A3C3-C2EE83302C40}
	EndGlobalSection
EndGlobal
